
Microsoft Visual Studio Solution File, Format Version 12.00
# Visual Studio Version 17
VisualStudioVersion = 17.1.32210.238
MinimumVisualStudioVersion = 10.0.40219.1
Project("{8BC9CEB8-8B4A-11D0-8D11-00A0C91BC942}") = "LAB4_2", "LAB4_2\LAB4_2.vcxproj", "{F13F4411-B363-4215-8F1D-2AF8A2770B31}"
EndProject
Project("{8BC9CEB8-8B4A-11D0-8D11-00A0C91BC942}") = "LAB4_3", "LAB4_3\LAB4_3.vcxproj", "{282436B0-1D2B-4FB7-A490-5B3B8BF7BBF9}"
EndProject
Project("{8BC9CEB8-8B4A-11D0-8D11-00A0C91BC942}") = "HW4_3_0", "HW4_3_0\HW4_3_0.vcxproj", "{BC692BCB-D73B-45AC-82A2-32DE48C0D664}"
EndProject
Project("{8BC9CEB8-8B4A-11D0-8D11-00A0C91BC942}") = "HW4_3_1", "HW4_3_1\HW4_3_1.vcxproj", "{71E15D63-6232-463A-BCE7-F3078047473F}"
EndProject
Project("{8BC9CEB8-8B4A-11D0-8D11-00A0C91BC942}") = "LAB4_1_2", "LAB4_1_2\LAB4_1_2.vcxproj", "{182FB5CA-A809-427A-84EB-32A191AFE737}"
EndProject
Project("{8BC9CEB8-8B4A-11D0-8D11-00A0C91BC942}") = "HW4_1", "HW4_1\HW4_1.vcxproj", "{E15D0F11-FF44-40F8-8931-31F3F84D23AD}"
EndProject
Project("{8BC9CEB8-8B4A-11D0-8D11-00A0C91BC942}") = "HW4_2", "HW4_2\HW4_2.vcxproj", "{D9412456-DAEE-4B14-B4C4-3BBA4FA69EC2}"
EndProject
Project("{8BC9CEB8-8B4A-11D0-8D11-00A0C91BC942}") = "HW4_4", "HW4_4\HW4_4.vcxproj", "{0FDF7998-DBAA-44CB-B323-ACB1C189C2CD}"
EndProject
Project("{8BC9CEB8-8B4A-11D0-8D11-00A0C91BC942}") = "HW4_5_1", "HW4_5_1\HW4_5_1.vcxproj", "{7E861A91-C3FF-4A7C-A2FF-E05C785B58FD}"
EndProject
Project("{8BC9CEB8-8B4A-11D0-8D11-00A0C91BC942}") = "HW4_5_2", "HW4_5_2\HW4_5_2.vcxproj", "{F1C69042-707D-4F64-B1E2-9D24F9E7FBF8}"
EndProject
Project("{8BC9CEB8-8B4A-11D0-8D11-00A0C91BC942}") = "프로젝트집합(PREP)", "프로젝트집합(PREP)\프로젝트집합(PREP).vcxproj", "{8CA2A544-AD0A-4EEA-85C7-AFFF24153EEF}"
EndProject
Global
	GlobalSection(SolutionConfigurationPlatforms) = preSolution
		Debug|x64 = Debug|x64
		Debug|x86 = Debug|x86
		Release|x64 = Release|x64
		Release|x86 = Release|x86
	EndGlobalSection
	GlobalSection(ProjectConfigurationPlatforms) = postSolution
		{F13F4411-B363-4215-8F1D-2AF8A2770B31}.Debug|x64.ActiveCfg = Debug|x64
		{F13F4411-B363-4215-8F1D-2AF8A2770B31}.Debug|x64.Build.0 = Debug|x64
		{F13F4411-B363-4215-8F1D-2AF8A2770B31}.Debug|x86.ActiveCfg = Debug|Win32
		{F13F4411-B363-4215-8F1D-2AF8A2770B31}.Debug|x86.Build.0 = Debug|Win32
		{F13F4411-B363-4215-8F1D-2AF8A2770B31}.Release|x64.ActiveCfg = Release|x64
		{F13F4411-B363-4215-8F1D-2AF8A2770B31}.Release|x64.Build.0 = Release|x64
		{F13F4411-B363-4215-8F1D-2AF8A2770B31}.Release|x86.ActiveCfg = Release|Win32
		{F13F4411-B363-4215-8F1D-2AF8A2770B31}.Release|x86.Build.0 = Release|Win32
		{282436B0-1D2B-4FB7-A490-5B3B8BF7BBF9}.Debug|x64.ActiveCfg = Debug|x64
		{282436B0-1D2B-4FB7-A490-5B3B8BF7BBF9}.Debug|x64.Build.0 = Debug|x64
		{282436B0-1D2B-4FB7-A490-5B3B8BF7BBF9}.Debug|x86.ActiveCfg = Debug|Win32
		{282436B0-1D2B-4FB7-A490-5B3B8BF7BBF9}.Debug|x86.Build.0 = Debug|Win32
		{282436B0-1D2B-4FB7-A490-5B3B8BF7BBF9}.Release|x64.ActiveCfg = Release|x64
		{282436B0-1D2B-4FB7-A490-5B3B8BF7BBF9}.Release|x64.Build.0 = Release|x64
		{282436B0-1D2B-4FB7-A490-5B3B8BF7BBF9}.Release|x86.ActiveCfg = Release|Win32
		{282436B0-1D2B-4FB7-A490-5B3B8BF7BBF9}.Release|x86.Build.0 = Release|Win32
		{BC692BCB-D73B-45AC-82A2-32DE48C0D664}.Debug|x64.ActiveCfg = Debug|x64
		{BC692BCB-D73B-45AC-82A2-32DE48C0D664}.Debug|x64.Build.0 = Debug|x64
		{BC692BCB-D73B-45AC-82A2-32DE48C0D664}.Debug|x86.ActiveCfg = Debug|Win32
		{BC692BCB-D73B-45AC-82A2-32DE48C0D664}.Debug|x86.Build.0 = Debug|Win32
		{BC692BCB-D73B-45AC-82A2-32DE48C0D664}.Release|x64.ActiveCfg = Release|x64
		{BC692BCB-D73B-45AC-82A2-32DE48C0D664}.Release|x64.Build.0 = Release|x64
		{BC692BCB-D73B-45AC-82A2-32DE48C0D664}.Release|x86.ActiveCfg = Release|Win32
		{BC692BCB-D73B-45AC-82A2-32DE48C0D664}.Release|x86.Build.0 = Release|Win32
		{71E15D63-6232-463A-BCE7-F3078047473F}.Debug|x64.ActiveCfg = Debug|x64
		{71E15D63-6232-463A-BCE7-F3078047473F}.Debug|x64.Build.0 = Debug|x64
		{71E15D63-6232-463A-BCE7-F3078047473F}.Debug|x86.ActiveCfg = Debug|Win32
		{71E15D63-6232-463A-BCE7-F3078047473F}.Debug|x86.Build.0 = Debug|Win32
		{71E15D63-6232-463A-BCE7-F3078047473F}.Release|x64.ActiveCfg = Release|x64
		{71E15D63-6232-463A-BCE7-F3078047473F}.Release|x64.Build.0 = Release|x64
		{71E15D63-6232-463A-BCE7-F3078047473F}.Release|x86.ActiveCfg = Release|Win32
		{71E15D63-6232-463A-BCE7-F3078047473F}.Release|x86.Build.0 = Release|Win32
		{182FB5CA-A809-427A-84EB-32A191AFE737}.Debug|x64.ActiveCfg = Debug|x64
		{182FB5CA-A809-427A-84EB-32A191AFE737}.Debug|x64.Build.0 = Debug|x64
		{182FB5CA-A809-427A-84EB-32A191AFE737}.Debug|x86.ActiveCfg = Debug|Win32
		{182FB5CA-A809-427A-84EB-32A191AFE737}.Debug|x86.Build.0 = Debug|Win32
		{182FB5CA-A809-427A-84EB-32A191AFE737}.Release|x64.ActiveCfg = Release|x64
		{182FB5CA-A809-427A-84EB-32A191AFE737}.Release|x64.Build.0 = Release|x64
		{182FB5CA-A809-427A-84EB-32A191AFE737}.Release|x86.ActiveCfg = Release|Win32
		{182FB5CA-A809-427A-84EB-32A191AFE737}.Release|x86.Build.0 = Release|Win32
		{E15D0F11-FF44-40F8-8931-31F3F84D23AD}.Debug|x64.ActiveCfg = Debug|x64
		{E15D0F11-FF44-40F8-8931-31F3F84D23AD}.Debug|x64.Build.0 = Debug|x64
		{E15D0F11-FF44-40F8-8931-31F3F84D23AD}.Debug|x86.ActiveCfg = Debug|Win32
		{E15D0F11-FF44-40F8-8931-31F3F84D23AD}.Debug|x86.Build.0 = Debug|Win32
		{E15D0F11-FF44-40F8-8931-31F3F84D23AD}.Release|x64.ActiveCfg = Release|x64
		{E15D0F11-FF44-40F8-8931-31F3F84D23AD}.Release|x64.Build.0 = Release|x64
		{E15D0F11-FF44-40F8-8931-31F3F84D23AD}.Release|x86.ActiveCfg = Release|Win32
		{E15D0F11-FF44-40F8-8931-31F3F84D23AD}.Release|x86.Build.0 = Release|Win32
		{D9412456-DAEE-4B14-B4C4-3BBA4FA69EC2}.Debug|x64.ActiveCfg = Debug|x64
		{D9412456-DAEE-4B14-B4C4-3BBA4FA69EC2}.Debug|x64.Build.0 = Debug|x64
		{D9412456-DAEE-4B14-B4C4-3BBA4FA69EC2}.Debug|x86.ActiveCfg = Debug|Win32
		{D9412456-DAEE-4B14-B4C4-3BBA4FA69EC2}.Debug|x86.Build.0 = Debug|Win32
		{D9412456-DAEE-4B14-B4C4-3BBA4FA69EC2}.Release|x64.ActiveCfg = Release|x64
		{D9412456-DAEE-4B14-B4C4-3BBA4FA69EC2}.Release|x64.Build.0 = Release|x64
		{D9412456-DAEE-4B14-B4C4-3BBA4FA69EC2}.Release|x86.ActiveCfg = Release|Win32
		{D9412456-DAEE-4B14-B4C4-3BBA4FA69EC2}.Release|x86.Build.0 = Release|Win32
		{0FDF7998-DBAA-44CB-B323-ACB1C189C2CD}.Debug|x64.ActiveCfg = Debug|x64
		{0FDF7998-DBAA-44CB-B323-ACB1C189C2CD}.Debug|x64.Build.0 = Debug|x64
		{0FDF7998-DBAA-44CB-B323-ACB1C189C2CD}.Debug|x86.ActiveCfg = Debug|Win32
		{0FDF7998-DBAA-44CB-B323-ACB1C189C2CD}.Debug|x86.Build.0 = Debug|Win32
		{0FDF7998-DBAA-44CB-B323-ACB1C189C2CD}.Release|x64.ActiveCfg = Release|x64
		{0FDF7998-DBAA-44CB-B323-ACB1C189C2CD}.Release|x64.Build.0 = Release|x64
		{0FDF7998-DBAA-44CB-B323-ACB1C189C2CD}.Release|x86.ActiveCfg = Release|Win32
		{0FDF7998-DBAA-44CB-B323-ACB1C189C2CD}.Release|x86.Build.0 = Release|Win32
		{7E861A91-C3FF-4A7C-A2FF-E05C785B58FD}.Debug|x64.ActiveCfg = Debug|x64
		{7E861A91-C3FF-4A7C-A2FF-E05C785B58FD}.Debug|x64.Build.0 = Debug|x64
		{7E861A91-C3FF-4A7C-A2FF-E05C785B58FD}.Debug|x86.ActiveCfg = Debug|Win32
		{7E861A91-C3FF-4A7C-A2FF-E05C785B58FD}.Debug|x86.Build.0 = Debug|Win32
		{7E861A91-C3FF-4A7C-A2FF-E05C785B58FD}.Release|x64.ActiveCfg = Release|x64
		{7E861A91-C3FF-4A7C-A2FF-E05C785B58FD}.Release|x64.Build.0 = Release|x64
		{7E861A91-C3FF-4A7C-A2FF-E05C785B58FD}.Release|x86.ActiveCfg = Release|Win32
		{7E861A91-C3FF-4A7C-A2FF-E05C785B58FD}.Release|x86.Build.0 = Release|Win32
		{F1C69042-707D-4F64-B1E2-9D24F9E7FBF8}.Debug|x64.ActiveCfg = Debug|x64
		{F1C69042-707D-4F64-B1E2-9D24F9E7FBF8}.Debug|x64.Build.0 = Debug|x64
		{F1C69042-707D-4F64-B1E2-9D24F9E7FBF8}.Debug|x86.ActiveCfg = Debug|Win32
		{F1C69042-707D-4F64-B1E2-9D24F9E7FBF8}.Debug|x86.Build.0 = Debug|Win32
		{F1C69042-707D-4F64-B1E2-9D24F9E7FBF8}.Release|x64.ActiveCfg = Release|x64
		{F1C69042-707D-4F64-B1E2-9D24F9E7FBF8}.Release|x64.Build.0 = Release|x64
		{F1C69042-707D-4F64-B1E2-9D24F9E7FBF8}.Release|x86.ActiveCfg = Release|Win32
		{F1C69042-707D-4F64-B1E2-9D24F9E7FBF8}.Release|x86.Build.0 = Release|Win32
		{8CA2A544-AD0A-4EEA-85C7-AFFF24153EEF}.Debug|x64.ActiveCfg = Debug|x64
		{8CA2A544-AD0A-4EEA-85C7-AFFF24153EEF}.Debug|x64.Build.0 = Debug|x64
		{8CA2A544-AD0A-4EEA-85C7-AFFF24153EEF}.Debug|x86.ActiveCfg = Debug|Win32
		{8CA2A544-AD0A-4EEA-85C7-AFFF24153EEF}.Debug|x86.Build.0 = Debug|Win32
		{8CA2A544-AD0A-4EEA-85C7-AFFF24153EEF}.Release|x64.ActiveCfg = Release|x64
		{8CA2A544-AD0A-4EEA-85C7-AFFF24153EEF}.Release|x64.Build.0 = Release|x64
		{8CA2A544-AD0A-4EEA-85C7-AFFF24153EEF}.Release|x86.ActiveCfg = Release|Win32
		{8CA2A544-AD0A-4EEA-85C7-AFFF24153EEF}.Release|x86.Build.0 = Release|Win32
	EndGlobalSection
	GlobalSection(SolutionProperties) = preSolution
		HideSolutionNode = FALSE
	EndGlobalSection
	GlobalSection(ExtensibilityGlobals) = postSolution
		SolutionGuid = {3F19221D-8B0B-43FF-BA8C-84B075C8EF27}
	EndGlobalSection
EndGlobal
