
Microsoft Visual Studio Solution File, Format Version 12.00
# Visual Studio Version 17
VisualStudioVersion = 17.1.32210.238
MinimumVisualStudioVersion = 10.0.40219.1
Project("{8BC9CEB8-8B4A-11D0-8D11-00A0C91BC942}") = "LAB9_0_1", "LAB9_0_1\LAB9_0_1.vcxproj", "{3EAEBBFD-C988-4087-A92B-B4364D5DEED6}"
EndProject
Project("{8BC9CEB8-8B4A-11D0-8D11-00A0C91BC942}") = "LAB9_0_2", "LAB9_0_2\LAB9_0_2.vcxproj", "{E1FA99D1-6B24-401D-BABD-106248C234BC}"
EndProject
Project("{8BC9CEB8-8B4A-11D0-8D11-00A0C91BC942}") = "LAB9_0_2a", "LAB9_0_2a\LAB9_0_2a.vcxproj", "{0E89DD74-60F4-4CFE-873E-D23E6C5B5D90}"
EndProject
Project("{8BC9CEB8-8B4A-11D0-8D11-00A0C91BC942}") = "LAB9_0_2b", "LAB9_0_2b\LAB9_0_2b.vcxproj", "{B82019C8-C4AD-4038-9686-699B7A7996C7}"
EndProject
Project("{8BC9CEB8-8B4A-11D0-8D11-00A0C91BC942}") = "LAB9_1", "LAB9_1\LAB9_1.vcxproj", "{2522A643-0ACB-4C93-AB9A-041343CA3D7B}"
EndProject
Project("{8BC9CEB8-8B4A-11D0-8D11-00A0C91BC942}") = "LAB9_4", "LAB9_4\LAB9_4.vcxproj", "{F63A2E67-DF5C-40DA-9EDB-F8AA461CA534}"
EndProject
Project("{8BC9CEB8-8B4A-11D0-8D11-00A0C91BC942}") = "HW9_1", "HW9_1\HW9_1.vcxproj", "{47D61E39-DC55-4025-88C9-460E710BF530}"
EndProject
Project("{8BC9CEB8-8B4A-11D0-8D11-00A0C91BC942}") = "LAB9_5", "LAB9_5\LAB9_5.vcxproj", "{F811846A-92E0-4A00-9143-4AF57D97158E}"
EndProject
Project("{8BC9CEB8-8B4A-11D0-8D11-00A0C91BC942}") = "HW9_2", "HW9_2\HW9_2.vcxproj", "{DCAFA974-2E5D-4224-91BE-29A6B6D100BB}"
EndProject
Global
	GlobalSection(SolutionConfigurationPlatforms) = preSolution
		Debug|x64 = Debug|x64
		Debug|x86 = Debug|x86
		Release|x64 = Release|x64
		Release|x86 = Release|x86
	EndGlobalSection
	GlobalSection(ProjectConfigurationPlatforms) = postSolution
		{3EAEBBFD-C988-4087-A92B-B4364D5DEED6}.Debug|x64.ActiveCfg = Debug|x64
		{3EAEBBFD-C988-4087-A92B-B4364D5DEED6}.Debug|x64.Build.0 = Debug|x64
		{3EAEBBFD-C988-4087-A92B-B4364D5DEED6}.Debug|x86.ActiveCfg = Debug|Win32
		{3EAEBBFD-C988-4087-A92B-B4364D5DEED6}.Debug|x86.Build.0 = Debug|Win32
		{3EAEBBFD-C988-4087-A92B-B4364D5DEED6}.Release|x64.ActiveCfg = Release|x64
		{3EAEBBFD-C988-4087-A92B-B4364D5DEED6}.Release|x64.Build.0 = Release|x64
		{3EAEBBFD-C988-4087-A92B-B4364D5DEED6}.Release|x86.ActiveCfg = Release|Win32
		{3EAEBBFD-C988-4087-A92B-B4364D5DEED6}.Release|x86.Build.0 = Release|Win32
		{E1FA99D1-6B24-401D-BABD-106248C234BC}.Debug|x64.ActiveCfg = Debug|x64
		{E1FA99D1-6B24-401D-BABD-106248C234BC}.Debug|x64.Build.0 = Debug|x64
		{E1FA99D1-6B24-401D-BABD-106248C234BC}.Debug|x86.ActiveCfg = Debug|Win32
		{E1FA99D1-6B24-401D-BABD-106248C234BC}.Debug|x86.Build.0 = Debug|Win32
		{E1FA99D1-6B24-401D-BABD-106248C234BC}.Release|x64.ActiveCfg = Release|x64
		{E1FA99D1-6B24-401D-BABD-106248C234BC}.Release|x64.Build.0 = Release|x64
		{E1FA99D1-6B24-401D-BABD-106248C234BC}.Release|x86.ActiveCfg = Release|Win32
		{E1FA99D1-6B24-401D-BABD-106248C234BC}.Release|x86.Build.0 = Release|Win32
		{0E89DD74-60F4-4CFE-873E-D23E6C5B5D90}.Debug|x64.ActiveCfg = Debug|x64
		{0E89DD74-60F4-4CFE-873E-D23E6C5B5D90}.Debug|x64.Build.0 = Debug|x64
		{0E89DD74-60F4-4CFE-873E-D23E6C5B5D90}.Debug|x86.ActiveCfg = Debug|Win32
		{0E89DD74-60F4-4CFE-873E-D23E6C5B5D90}.Debug|x86.Build.0 = Debug|Win32
		{0E89DD74-60F4-4CFE-873E-D23E6C5B5D90}.Release|x64.ActiveCfg = Release|x64
		{0E89DD74-60F4-4CFE-873E-D23E6C5B5D90}.Release|x64.Build.0 = Release|x64
		{0E89DD74-60F4-4CFE-873E-D23E6C5B5D90}.Release|x86.ActiveCfg = Release|Win32
		{0E89DD74-60F4-4CFE-873E-D23E6C5B5D90}.Release|x86.Build.0 = Release|Win32
		{B82019C8-C4AD-4038-9686-699B7A7996C7}.Debug|x64.ActiveCfg = Debug|x64
		{B82019C8-C4AD-4038-9686-699B7A7996C7}.Debug|x64.Build.0 = Debug|x64
		{B82019C8-C4AD-4038-9686-699B7A7996C7}.Debug|x86.ActiveCfg = Debug|Win32
		{B82019C8-C4AD-4038-9686-699B7A7996C7}.Debug|x86.Build.0 = Debug|Win32
		{B82019C8-C4AD-4038-9686-699B7A7996C7}.Release|x64.ActiveCfg = Release|x64
		{B82019C8-C4AD-4038-9686-699B7A7996C7}.Release|x64.Build.0 = Release|x64
		{B82019C8-C4AD-4038-9686-699B7A7996C7}.Release|x86.ActiveCfg = Release|Win32
		{B82019C8-C4AD-4038-9686-699B7A7996C7}.Release|x86.Build.0 = Release|Win32
		{2522A643-0ACB-4C93-AB9A-041343CA3D7B}.Debug|x64.ActiveCfg = Debug|x64
		{2522A643-0ACB-4C93-AB9A-041343CA3D7B}.Debug|x64.Build.0 = Debug|x64
		{2522A643-0ACB-4C93-AB9A-041343CA3D7B}.Debug|x86.ActiveCfg = Debug|Win32
		{2522A643-0ACB-4C93-AB9A-041343CA3D7B}.Debug|x86.Build.0 = Debug|Win32
		{2522A643-0ACB-4C93-AB9A-041343CA3D7B}.Release|x64.ActiveCfg = Release|x64
		{2522A643-0ACB-4C93-AB9A-041343CA3D7B}.Release|x64.Build.0 = Release|x64
		{2522A643-0ACB-4C93-AB9A-041343CA3D7B}.Release|x86.ActiveCfg = Release|Win32
		{2522A643-0ACB-4C93-AB9A-041343CA3D7B}.Release|x86.Build.0 = Release|Win32
		{F63A2E67-DF5C-40DA-9EDB-F8AA461CA534}.Debug|x64.ActiveCfg = Debug|x64
		{F63A2E67-DF5C-40DA-9EDB-F8AA461CA534}.Debug|x64.Build.0 = Debug|x64
		{F63A2E67-DF5C-40DA-9EDB-F8AA461CA534}.Debug|x86.ActiveCfg = Debug|Win32
		{F63A2E67-DF5C-40DA-9EDB-F8AA461CA534}.Debug|x86.Build.0 = Debug|Win32
		{F63A2E67-DF5C-40DA-9EDB-F8AA461CA534}.Release|x64.ActiveCfg = Release|x64
		{F63A2E67-DF5C-40DA-9EDB-F8AA461CA534}.Release|x64.Build.0 = Release|x64
		{F63A2E67-DF5C-40DA-9EDB-F8AA461CA534}.Release|x86.ActiveCfg = Release|Win32
		{F63A2E67-DF5C-40DA-9EDB-F8AA461CA534}.Release|x86.Build.0 = Release|Win32
		{47D61E39-DC55-4025-88C9-460E710BF530}.Debug|x64.ActiveCfg = Debug|x64
		{47D61E39-DC55-4025-88C9-460E710BF530}.Debug|x64.Build.0 = Debug|x64
		{47D61E39-DC55-4025-88C9-460E710BF530}.Debug|x86.ActiveCfg = Debug|Win32
		{47D61E39-DC55-4025-88C9-460E710BF530}.Debug|x86.Build.0 = Debug|Win32
		{47D61E39-DC55-4025-88C9-460E710BF530}.Release|x64.ActiveCfg = Release|x64
		{47D61E39-DC55-4025-88C9-460E710BF530}.Release|x64.Build.0 = Release|x64
		{47D61E39-DC55-4025-88C9-460E710BF530}.Release|x86.ActiveCfg = Release|Win32
		{47D61E39-DC55-4025-88C9-460E710BF530}.Release|x86.Build.0 = Release|Win32
		{F811846A-92E0-4A00-9143-4AF57D97158E}.Debug|x64.ActiveCfg = Debug|x64
		{F811846A-92E0-4A00-9143-4AF57D97158E}.Debug|x64.Build.0 = Debug|x64
		{F811846A-92E0-4A00-9143-4AF57D97158E}.Debug|x86.ActiveCfg = Debug|Win32
		{F811846A-92E0-4A00-9143-4AF57D97158E}.Debug|x86.Build.0 = Debug|Win32
		{F811846A-92E0-4A00-9143-4AF57D97158E}.Release|x64.ActiveCfg = Release|x64
		{F811846A-92E0-4A00-9143-4AF57D97158E}.Release|x64.Build.0 = Release|x64
		{F811846A-92E0-4A00-9143-4AF57D97158E}.Release|x86.ActiveCfg = Release|Win32
		{F811846A-92E0-4A00-9143-4AF57D97158E}.Release|x86.Build.0 = Release|Win32
		{DCAFA974-2E5D-4224-91BE-29A6B6D100BB}.Debug|x64.ActiveCfg = Debug|x64
		{DCAFA974-2E5D-4224-91BE-29A6B6D100BB}.Debug|x64.Build.0 = Debug|x64
		{DCAFA974-2E5D-4224-91BE-29A6B6D100BB}.Debug|x86.ActiveCfg = Debug|Win32
		{DCAFA974-2E5D-4224-91BE-29A6B6D100BB}.Debug|x86.Build.0 = Debug|Win32
		{DCAFA974-2E5D-4224-91BE-29A6B6D100BB}.Release|x64.ActiveCfg = Release|x64
		{DCAFA974-2E5D-4224-91BE-29A6B6D100BB}.Release|x64.Build.0 = Release|x64
		{DCAFA974-2E5D-4224-91BE-29A6B6D100BB}.Release|x86.ActiveCfg = Release|Win32
		{DCAFA974-2E5D-4224-91BE-29A6B6D100BB}.Release|x86.Build.0 = Release|Win32
	EndGlobalSection
	GlobalSection(SolutionProperties) = preSolution
		HideSolutionNode = FALSE
	EndGlobalSection
	GlobalSection(ExtensibilityGlobals) = postSolution
		SolutionGuid = {3783A469-E613-4CAF-ACB0-4F2A48C0CB1C}
	EndGlobalSection
EndGlobal
