
Microsoft Visual Studio Solution File, Format Version 12.00
# Visual Studio Version 17
VisualStudioVersion = 17.1.32210.238
MinimumVisualStudioVersion = 10.0.40219.1
Project("{8BC9CEB8-8B4A-11D0-8D11-00A0C91BC942}") = "LAB7_0", "LAB7_0\LAB7_0.vcxproj", "{F56AA346-9F1D-471F-93B4-5E07F9A0FEBD}"
EndProject
Project("{8BC9CEB8-8B4A-11D0-8D11-00A0C91BC942}") = "LAB7_1", "LAB7_1\LAB7_1.vcxproj", "{B8B740C5-1262-4FA4-AC8C-B8270E3E0CB6}"
EndProject
Project("{8BC9CEB8-8B4A-11D0-8D11-00A0C91BC942}") = "LAB7_2", "LAB7_2\LAB7_2.vcxproj", "{CAB59012-AEB4-42F5-ACA7-6F2C115EC017}"
EndProject
Project("{8BC9CEB8-8B4A-11D0-8D11-00A0C91BC942}") = "LAB7_4", "LAB7_4\LAB7_4.vcxproj", "{BA677D00-6243-4D71-B3B5-7E085EA59314}"
EndProject
Project("{8BC9CEB8-8B4A-11D0-8D11-00A0C91BC942}") = "LAB1(재귀)", "LAB1(재귀)\LAB1(재귀).vcxproj", "{21E46F68-35B4-4CC8-8207-E3B88B603659}"
EndProject
Project("{8BC9CEB8-8B4A-11D0-8D11-00A0C91BC942}") = "LAB2(재귀)", "LAB2(재귀)\LAB2(재귀).vcxproj", "{4B71F8D0-F4CD-480A-9A03-FB8CEE0C9B03}"
EndProject
Project("{8BC9CEB8-8B4A-11D0-8D11-00A0C91BC942}") = "HW7_1", "HW7_1\HW7_1.vcxproj", "{7D6A72A7-779B-42E3-9E23-2365F4F8C391}"
EndProject
Global
	GlobalSection(SolutionConfigurationPlatforms) = preSolution
		Debug|x64 = Debug|x64
		Debug|x86 = Debug|x86
		Release|x64 = Release|x64
		Release|x86 = Release|x86
	EndGlobalSection
	GlobalSection(ProjectConfigurationPlatforms) = postSolution
		{F56AA346-9F1D-471F-93B4-5E07F9A0FEBD}.Debug|x64.ActiveCfg = Debug|x64
		{F56AA346-9F1D-471F-93B4-5E07F9A0FEBD}.Debug|x64.Build.0 = Debug|x64
		{F56AA346-9F1D-471F-93B4-5E07F9A0FEBD}.Debug|x86.ActiveCfg = Debug|Win32
		{F56AA346-9F1D-471F-93B4-5E07F9A0FEBD}.Debug|x86.Build.0 = Debug|Win32
		{F56AA346-9F1D-471F-93B4-5E07F9A0FEBD}.Release|x64.ActiveCfg = Release|x64
		{F56AA346-9F1D-471F-93B4-5E07F9A0FEBD}.Release|x64.Build.0 = Release|x64
		{F56AA346-9F1D-471F-93B4-5E07F9A0FEBD}.Release|x86.ActiveCfg = Release|Win32
		{F56AA346-9F1D-471F-93B4-5E07F9A0FEBD}.Release|x86.Build.0 = Release|Win32
		{B8B740C5-1262-4FA4-AC8C-B8270E3E0CB6}.Debug|x64.ActiveCfg = Debug|x64
		{B8B740C5-1262-4FA4-AC8C-B8270E3E0CB6}.Debug|x64.Build.0 = Debug|x64
		{B8B740C5-1262-4FA4-AC8C-B8270E3E0CB6}.Debug|x86.ActiveCfg = Debug|Win32
		{B8B740C5-1262-4FA4-AC8C-B8270E3E0CB6}.Debug|x86.Build.0 = Debug|Win32
		{B8B740C5-1262-4FA4-AC8C-B8270E3E0CB6}.Release|x64.ActiveCfg = Release|x64
		{B8B740C5-1262-4FA4-AC8C-B8270E3E0CB6}.Release|x64.Build.0 = Release|x64
		{B8B740C5-1262-4FA4-AC8C-B8270E3E0CB6}.Release|x86.ActiveCfg = Release|Win32
		{B8B740C5-1262-4FA4-AC8C-B8270E3E0CB6}.Release|x86.Build.0 = Release|Win32
		{CAB59012-AEB4-42F5-ACA7-6F2C115EC017}.Debug|x64.ActiveCfg = Debug|x64
		{CAB59012-AEB4-42F5-ACA7-6F2C115EC017}.Debug|x64.Build.0 = Debug|x64
		{CAB59012-AEB4-42F5-ACA7-6F2C115EC017}.Debug|x86.ActiveCfg = Debug|Win32
		{CAB59012-AEB4-42F5-ACA7-6F2C115EC017}.Debug|x86.Build.0 = Debug|Win32
		{CAB59012-AEB4-42F5-ACA7-6F2C115EC017}.Release|x64.ActiveCfg = Release|x64
		{CAB59012-AEB4-42F5-ACA7-6F2C115EC017}.Release|x64.Build.0 = Release|x64
		{CAB59012-AEB4-42F5-ACA7-6F2C115EC017}.Release|x86.ActiveCfg = Release|Win32
		{CAB59012-AEB4-42F5-ACA7-6F2C115EC017}.Release|x86.Build.0 = Release|Win32
		{BA677D00-6243-4D71-B3B5-7E085EA59314}.Debug|x64.ActiveCfg = Debug|x64
		{BA677D00-6243-4D71-B3B5-7E085EA59314}.Debug|x64.Build.0 = Debug|x64
		{BA677D00-6243-4D71-B3B5-7E085EA59314}.Debug|x86.ActiveCfg = Debug|Win32
		{BA677D00-6243-4D71-B3B5-7E085EA59314}.Debug|x86.Build.0 = Debug|Win32
		{BA677D00-6243-4D71-B3B5-7E085EA59314}.Release|x64.ActiveCfg = Release|x64
		{BA677D00-6243-4D71-B3B5-7E085EA59314}.Release|x64.Build.0 = Release|x64
		{BA677D00-6243-4D71-B3B5-7E085EA59314}.Release|x86.ActiveCfg = Release|Win32
		{BA677D00-6243-4D71-B3B5-7E085EA59314}.Release|x86.Build.0 = Release|Win32
		{21E46F68-35B4-4CC8-8207-E3B88B603659}.Debug|x64.ActiveCfg = Debug|x64
		{21E46F68-35B4-4CC8-8207-E3B88B603659}.Debug|x64.Build.0 = Debug|x64
		{21E46F68-35B4-4CC8-8207-E3B88B603659}.Debug|x86.ActiveCfg = Debug|Win32
		{21E46F68-35B4-4CC8-8207-E3B88B603659}.Debug|x86.Build.0 = Debug|Win32
		{21E46F68-35B4-4CC8-8207-E3B88B603659}.Release|x64.ActiveCfg = Release|x64
		{21E46F68-35B4-4CC8-8207-E3B88B603659}.Release|x64.Build.0 = Release|x64
		{21E46F68-35B4-4CC8-8207-E3B88B603659}.Release|x86.ActiveCfg = Release|Win32
		{21E46F68-35B4-4CC8-8207-E3B88B603659}.Release|x86.Build.0 = Release|Win32
		{4B71F8D0-F4CD-480A-9A03-FB8CEE0C9B03}.Debug|x64.ActiveCfg = Debug|x64
		{4B71F8D0-F4CD-480A-9A03-FB8CEE0C9B03}.Debug|x64.Build.0 = Debug|x64
		{4B71F8D0-F4CD-480A-9A03-FB8CEE0C9B03}.Debug|x86.ActiveCfg = Debug|Win32
		{4B71F8D0-F4CD-480A-9A03-FB8CEE0C9B03}.Debug|x86.Build.0 = Debug|Win32
		{4B71F8D0-F4CD-480A-9A03-FB8CEE0C9B03}.Release|x64.ActiveCfg = Release|x64
		{4B71F8D0-F4CD-480A-9A03-FB8CEE0C9B03}.Release|x64.Build.0 = Release|x64
		{4B71F8D0-F4CD-480A-9A03-FB8CEE0C9B03}.Release|x86.ActiveCfg = Release|Win32
		{4B71F8D0-F4CD-480A-9A03-FB8CEE0C9B03}.Release|x86.Build.0 = Release|Win32
		{7D6A72A7-779B-42E3-9E23-2365F4F8C391}.Debug|x64.ActiveCfg = Debug|x64
		{7D6A72A7-779B-42E3-9E23-2365F4F8C391}.Debug|x64.Build.0 = Debug|x64
		{7D6A72A7-779B-42E3-9E23-2365F4F8C391}.Debug|x86.ActiveCfg = Debug|Win32
		{7D6A72A7-779B-42E3-9E23-2365F4F8C391}.Debug|x86.Build.0 = Debug|Win32
		{7D6A72A7-779B-42E3-9E23-2365F4F8C391}.Release|x64.ActiveCfg = Release|x64
		{7D6A72A7-779B-42E3-9E23-2365F4F8C391}.Release|x64.Build.0 = Release|x64
		{7D6A72A7-779B-42E3-9E23-2365F4F8C391}.Release|x86.ActiveCfg = Release|Win32
		{7D6A72A7-779B-42E3-9E23-2365F4F8C391}.Release|x86.Build.0 = Release|Win32
	EndGlobalSection
	GlobalSection(SolutionProperties) = preSolution
		HideSolutionNode = FALSE
	EndGlobalSection
	GlobalSection(ExtensibilityGlobals) = postSolution
		SolutionGuid = {A249DEE8-C9C7-4646-AC2E-DC1471225BDD}
	EndGlobalSection
EndGlobal
