
Microsoft Visual Studio Solution File, Format Version 12.00
# Visual Studio Version 17
VisualStudioVersion = 17.1.32210.238
MinimumVisualStudioVersion = 10.0.40219.1
Project("{8BC9CEB8-8B4A-11D0-8D11-00A0C91BC942}") = "LAB16_1", "LAB16_1\LAB16_1.vcxproj", "{F15392A3-066F-47C5-82A9-97A10D91C915}"
EndProject
Project("{8BC9CEB8-8B4A-11D0-8D11-00A0C91BC942}") = "LAB16_2", "LAB16_2\LAB16_2.vcxproj", "{23A54FE9-6662-4AF0-BD64-6AB45EB933CB}"
EndProject
Project("{8BC9CEB8-8B4A-11D0-8D11-00A0C91BC942}") = "LAB16_3", "LAB16_3\LAB16_3.vcxproj", "{C55B3DF0-D27E-4957-8D60-AC01CDD8FB97}"
EndProject
Project("{8BC9CEB8-8B4A-11D0-8D11-00A0C91BC942}") = "LAB16_4", "LAB16_4\LAB16_4.vcxproj", "{1C668E72-3074-400A-B2A6-3000357BAC70}"
EndProject
Project("{8BC9CEB8-8B4A-11D0-8D11-00A0C91BC942}") = "LAB16_5", "LAB16_5\LAB16_5.vcxproj", "{B852BF36-2D2C-48C0-AB78-9B56603E7E3B}"
EndProject
Project("{8BC9CEB8-8B4A-11D0-8D11-00A0C91BC942}") = "HW16_1", "HW16_1\HW16_1.vcxproj", "{896ED193-4F18-47FC-97C3-2A45340AAFAE}"
EndProject
Project("{8BC9CEB8-8B4A-11D0-8D11-00A0C91BC942}") = "HW16_2", "HW16_2\HW16_2.vcxproj", "{FCB7CBD3-5EDA-44F9-B0BF-4C04C2DA063E}"
EndProject
Project("{8BC9CEB8-8B4A-11D0-8D11-00A0C91BC942}") = "HW16_3", "HW16_3\HW16_3.vcxproj", "{134CB601-8C4F-4FEB-B15E-CC3D0E47F62F}"
EndProject
Global
	GlobalSection(SolutionConfigurationPlatforms) = preSolution
		Debug|x64 = Debug|x64
		Debug|x86 = Debug|x86
		Release|x64 = Release|x64
		Release|x86 = Release|x86
	EndGlobalSection
	GlobalSection(ProjectConfigurationPlatforms) = postSolution
		{F15392A3-066F-47C5-82A9-97A10D91C915}.Debug|x64.ActiveCfg = Debug|x64
		{F15392A3-066F-47C5-82A9-97A10D91C915}.Debug|x64.Build.0 = Debug|x64
		{F15392A3-066F-47C5-82A9-97A10D91C915}.Debug|x86.ActiveCfg = Debug|Win32
		{F15392A3-066F-47C5-82A9-97A10D91C915}.Debug|x86.Build.0 = Debug|Win32
		{F15392A3-066F-47C5-82A9-97A10D91C915}.Release|x64.ActiveCfg = Release|x64
		{F15392A3-066F-47C5-82A9-97A10D91C915}.Release|x64.Build.0 = Release|x64
		{F15392A3-066F-47C5-82A9-97A10D91C915}.Release|x86.ActiveCfg = Release|Win32
		{F15392A3-066F-47C5-82A9-97A10D91C915}.Release|x86.Build.0 = Release|Win32
		{23A54FE9-6662-4AF0-BD64-6AB45EB933CB}.Debug|x64.ActiveCfg = Debug|x64
		{23A54FE9-6662-4AF0-BD64-6AB45EB933CB}.Debug|x64.Build.0 = Debug|x64
		{23A54FE9-6662-4AF0-BD64-6AB45EB933CB}.Debug|x86.ActiveCfg = Debug|Win32
		{23A54FE9-6662-4AF0-BD64-6AB45EB933CB}.Debug|x86.Build.0 = Debug|Win32
		{23A54FE9-6662-4AF0-BD64-6AB45EB933CB}.Release|x64.ActiveCfg = Release|x64
		{23A54FE9-6662-4AF0-BD64-6AB45EB933CB}.Release|x64.Build.0 = Release|x64
		{23A54FE9-6662-4AF0-BD64-6AB45EB933CB}.Release|x86.ActiveCfg = Release|Win32
		{23A54FE9-6662-4AF0-BD64-6AB45EB933CB}.Release|x86.Build.0 = Release|Win32
		{C55B3DF0-D27E-4957-8D60-AC01CDD8FB97}.Debug|x64.ActiveCfg = Debug|x64
		{C55B3DF0-D27E-4957-8D60-AC01CDD8FB97}.Debug|x64.Build.0 = Debug|x64
		{C55B3DF0-D27E-4957-8D60-AC01CDD8FB97}.Debug|x86.ActiveCfg = Debug|Win32
		{C55B3DF0-D27E-4957-8D60-AC01CDD8FB97}.Debug|x86.Build.0 = Debug|Win32
		{C55B3DF0-D27E-4957-8D60-AC01CDD8FB97}.Release|x64.ActiveCfg = Release|x64
		{C55B3DF0-D27E-4957-8D60-AC01CDD8FB97}.Release|x64.Build.0 = Release|x64
		{C55B3DF0-D27E-4957-8D60-AC01CDD8FB97}.Release|x86.ActiveCfg = Release|Win32
		{C55B3DF0-D27E-4957-8D60-AC01CDD8FB97}.Release|x86.Build.0 = Release|Win32
		{1C668E72-3074-400A-B2A6-3000357BAC70}.Debug|x64.ActiveCfg = Debug|x64
		{1C668E72-3074-400A-B2A6-3000357BAC70}.Debug|x64.Build.0 = Debug|x64
		{1C668E72-3074-400A-B2A6-3000357BAC70}.Debug|x86.ActiveCfg = Debug|Win32
		{1C668E72-3074-400A-B2A6-3000357BAC70}.Debug|x86.Build.0 = Debug|Win32
		{1C668E72-3074-400A-B2A6-3000357BAC70}.Release|x64.ActiveCfg = Release|x64
		{1C668E72-3074-400A-B2A6-3000357BAC70}.Release|x64.Build.0 = Release|x64
		{1C668E72-3074-400A-B2A6-3000357BAC70}.Release|x86.ActiveCfg = Release|Win32
		{1C668E72-3074-400A-B2A6-3000357BAC70}.Release|x86.Build.0 = Release|Win32
		{B852BF36-2D2C-48C0-AB78-9B56603E7E3B}.Debug|x64.ActiveCfg = Debug|x64
		{B852BF36-2D2C-48C0-AB78-9B56603E7E3B}.Debug|x64.Build.0 = Debug|x64
		{B852BF36-2D2C-48C0-AB78-9B56603E7E3B}.Debug|x86.ActiveCfg = Debug|Win32
		{B852BF36-2D2C-48C0-AB78-9B56603E7E3B}.Debug|x86.Build.0 = Debug|Win32
		{B852BF36-2D2C-48C0-AB78-9B56603E7E3B}.Release|x64.ActiveCfg = Release|x64
		{B852BF36-2D2C-48C0-AB78-9B56603E7E3B}.Release|x64.Build.0 = Release|x64
		{B852BF36-2D2C-48C0-AB78-9B56603E7E3B}.Release|x86.ActiveCfg = Release|Win32
		{B852BF36-2D2C-48C0-AB78-9B56603E7E3B}.Release|x86.Build.0 = Release|Win32
		{896ED193-4F18-47FC-97C3-2A45340AAFAE}.Debug|x64.ActiveCfg = Debug|x64
		{896ED193-4F18-47FC-97C3-2A45340AAFAE}.Debug|x64.Build.0 = Debug|x64
		{896ED193-4F18-47FC-97C3-2A45340AAFAE}.Debug|x86.ActiveCfg = Debug|Win32
		{896ED193-4F18-47FC-97C3-2A45340AAFAE}.Debug|x86.Build.0 = Debug|Win32
		{896ED193-4F18-47FC-97C3-2A45340AAFAE}.Release|x64.ActiveCfg = Release|x64
		{896ED193-4F18-47FC-97C3-2A45340AAFAE}.Release|x64.Build.0 = Release|x64
		{896ED193-4F18-47FC-97C3-2A45340AAFAE}.Release|x86.ActiveCfg = Release|Win32
		{896ED193-4F18-47FC-97C3-2A45340AAFAE}.Release|x86.Build.0 = Release|Win32
		{FCB7CBD3-5EDA-44F9-B0BF-4C04C2DA063E}.Debug|x64.ActiveCfg = Debug|x64
		{FCB7CBD3-5EDA-44F9-B0BF-4C04C2DA063E}.Debug|x64.Build.0 = Debug|x64
		{FCB7CBD3-5EDA-44F9-B0BF-4C04C2DA063E}.Debug|x86.ActiveCfg = Debug|Win32
		{FCB7CBD3-5EDA-44F9-B0BF-4C04C2DA063E}.Debug|x86.Build.0 = Debug|Win32
		{FCB7CBD3-5EDA-44F9-B0BF-4C04C2DA063E}.Release|x64.ActiveCfg = Release|x64
		{FCB7CBD3-5EDA-44F9-B0BF-4C04C2DA063E}.Release|x64.Build.0 = Release|x64
		{FCB7CBD3-5EDA-44F9-B0BF-4C04C2DA063E}.Release|x86.ActiveCfg = Release|Win32
		{FCB7CBD3-5EDA-44F9-B0BF-4C04C2DA063E}.Release|x86.Build.0 = Release|Win32
		{134CB601-8C4F-4FEB-B15E-CC3D0E47F62F}.Debug|x64.ActiveCfg = Debug|x64
		{134CB601-8C4F-4FEB-B15E-CC3D0E47F62F}.Debug|x64.Build.0 = Debug|x64
		{134CB601-8C4F-4FEB-B15E-CC3D0E47F62F}.Debug|x86.ActiveCfg = Debug|Win32
		{134CB601-8C4F-4FEB-B15E-CC3D0E47F62F}.Debug|x86.Build.0 = Debug|Win32
		{134CB601-8C4F-4FEB-B15E-CC3D0E47F62F}.Release|x64.ActiveCfg = Release|x64
		{134CB601-8C4F-4FEB-B15E-CC3D0E47F62F}.Release|x64.Build.0 = Release|x64
		{134CB601-8C4F-4FEB-B15E-CC3D0E47F62F}.Release|x86.ActiveCfg = Release|Win32
		{134CB601-8C4F-4FEB-B15E-CC3D0E47F62F}.Release|x86.Build.0 = Release|Win32
	EndGlobalSection
	GlobalSection(SolutionProperties) = preSolution
		HideSolutionNode = FALSE
	EndGlobalSection
	GlobalSection(ExtensibilityGlobals) = postSolution
		SolutionGuid = {FF432D0A-CC34-4AAD-B442-A601796EDDED}
	EndGlobalSection
EndGlobal
